
Microsoft Visual Studio Solution File, Format Version 12.00
# Visual Studio Version 17
VisualStudioVersion = 17.5.002.0
MinimumVisualStudioVersion = 10.0.40219.1
Project("{9A19103F-16F7-4668-BE54-9A1E7A4F7556}") = "Assignment02", "Assignment02.csproj", "{8B1B9EEC-7C90-46CF-9179-D1218C5A2266}"
EndProject
Global
	GlobalSection(SolutionConfigurationPlatforms) = preSolution
		Debug|Any CPU = Debug|Any CPU
		Release|Any CPU = Release|Any CPU
	EndGlobalSection
	GlobalSection(ProjectConfigurationPlatforms) = postSolution
		{8B1B9EEC-7C90-46CF-9179-D1218C5A2266}.Debug|Any CPU.ActiveCfg = Debug|Any CPU
		{8B1B9EEC-7C90-46CF-9179-D1218C5A2266}.Debug|Any CPU.Build.0 = Debug|Any CPU
		{8B1B9EEC-7C90-46CF-9179-D1218C5A2266}.Release|Any CPU.ActiveCfg = Release|Any CPU
		{8B1B9EEC-7C90-46CF-9179-D1218C5A2266}.Release|Any CPU.Build.0 = Release|Any CPU
	EndGlobalSection
	GlobalSection(SolutionProperties) = preSolution
		HideSolutionNode = FALSE
	EndGlobalSection
	GlobalSection(ExtensibilityGlobals) = postSolution
		SolutionGuid = {F48CD875-871E-4128-BF1C-19F43BADA85C}
	EndGlobalSection
EndGlobal
