
Microsoft Visual Studio Solution File, Format Version 12.00
# Visual Studio Version 17
VisualStudioVersion = 17.5.002.0
MinimumVisualStudioVersion = 10.0.40219.1
Project("{9A19103F-16F7-4668-BE54-9A1E7A4F7556}") = "Lab2", "Lab2.csproj", "{0243613D-D186-45A8-8F20-895FBA6C47A6}"
EndProject
Global
	GlobalSection(SolutionConfigurationPlatforms) = preSolution
		Debug|Any CPU = Debug|Any CPU
		Release|Any CPU = Release|Any CPU
	EndGlobalSection
	GlobalSection(ProjectConfigurationPlatforms) = postSolution
		{0243613D-D186-45A8-8F20-895FBA6C47A6}.Debug|Any CPU.ActiveCfg = Debug|Any CPU
		{0243613D-D186-45A8-8F20-895FBA6C47A6}.Debug|Any CPU.Build.0 = Debug|Any CPU
		{0243613D-D186-45A8-8F20-895FBA6C47A6}.Release|Any CPU.ActiveCfg = Release|Any CPU
		{0243613D-D186-45A8-8F20-895FBA6C47A6}.Release|Any CPU.Build.0 = Release|Any CPU
	EndGlobalSection
	GlobalSection(SolutionProperties) = preSolution
		HideSolutionNode = FALSE
	EndGlobalSection
	GlobalSection(ExtensibilityGlobals) = postSolution
		SolutionGuid = {3AB4B551-862D-4741-BE26-44C4F4962018}
	EndGlobalSection
EndGlobal
