
Microsoft Visual Studio Solution File, Format Version 12.00
# Visual Studio Version 17
VisualStudioVersion = 17.5.002.0
MinimumVisualStudioVersion = 10.0.40219.1
Project("{9A19103F-16F7-4668-BE54-9A1E7A4F7556}") = "Lab7", "Lab7.csproj", "{530B768E-7EED-4344-83E0-86C997E9DC72}"
EndProject
Global
	GlobalSection(SolutionConfigurationPlatforms) = preSolution
		Debug|Any CPU = Debug|Any CPU
		Release|Any CPU = Release|Any CPU
	EndGlobalSection
	GlobalSection(ProjectConfigurationPlatforms) = postSolution
		{530B768E-7EED-4344-83E0-86C997E9DC72}.Debug|Any CPU.ActiveCfg = Debug|Any CPU
		{530B768E-7EED-4344-83E0-86C997E9DC72}.Debug|Any CPU.Build.0 = Debug|Any CPU
		{530B768E-7EED-4344-83E0-86C997E9DC72}.Release|Any CPU.ActiveCfg = Release|Any CPU
		{530B768E-7EED-4344-83E0-86C997E9DC72}.Release|Any CPU.Build.0 = Release|Any CPU
	EndGlobalSection
	GlobalSection(SolutionProperties) = preSolution
		HideSolutionNode = FALSE
	EndGlobalSection
	GlobalSection(ExtensibilityGlobals) = postSolution
		SolutionGuid = {0C777B21-AD01-4D1C-9FDD-B4F306FFAC9C}
	EndGlobalSection
EndGlobal
